
Microsoft Visual Studio Solution File, Format Version 12.00
# Visual Studio 14
VisualStudioVersion = 14.0.23107.0
MinimumVisualStudioVersion = 10.0.40219.1
Project("{FAE04EC0-301F-11D3-BF4B-00C04F79EFBC}") = "GameServer", "GameServer\GameServer.csproj", "{002EAB5C-2A50-40D8-9AA3-E24DE70707AB}"
EndProject
Global
	GlobalSection(SolutionConfigurationPlatforms) = preSolution
		Debug|Any CPU = Debug|Any CPU
		Release|Any CPU = Release|Any CPU
	EndGlobalSection
	GlobalSection(ProjectConfigurationPlatforms) = postSolution
		{002EAB5C-2A50-40D8-9AA3-E24DE70707AB}.Debug|Any CPU.ActiveCfg = Debug|Any CPU
		{002EAB5C-2A50-40D8-9AA3-E24DE70707AB}.Debug|Any CPU.Build.0 = Debug|Any CPU
		{002EAB5C-2A50-40D8-9AA3-E24DE70707AB}.Release|Any CPU.ActiveCfg = Release|Any CPU
		{002EAB5C-2A50-40D8-9AA3-E24DE70707AB}.Release|Any CPU.Build.0 = Release|Any CPU
	EndGlobalSection
	GlobalSection(SolutionProperties) = preSolution
		HideSolutionNode = FALSE
	EndGlobalSection
EndGlobal
